
Microsoft Visual Studio Solution File, Format Version 12.00
# Visual Studio Version 16
VisualStudioVersion = 16.0.31105.61
MinimumVisualStudioVersion = 10.0.40219.1
Project("{FAE04EC0-301F-11D3-BF4B-00C04F79EFBC}") = "Av3A16Ex03", "Av3A16Ex03\Av3A16Ex03.csproj", "{65C4EF38-0058-4909-B365-222C5B14E4A6}"
EndProject
Global
	GlobalSection(SolutionConfigurationPlatforms) = preSolution
		Debug|Any CPU = Debug|Any CPU
		Release|Any CPU = Release|Any CPU
	EndGlobalSection
	GlobalSection(ProjectConfigurationPlatforms) = postSolution
		{65C4EF38-0058-4909-B365-222C5B14E4A6}.Debug|Any CPU.ActiveCfg = Debug|Any CPU
		{65C4EF38-0058-4909-B365-222C5B14E4A6}.Debug|Any CPU.Build.0 = Debug|Any CPU
		{65C4EF38-0058-4909-B365-222C5B14E4A6}.Release|Any CPU.ActiveCfg = Release|Any CPU
		{65C4EF38-0058-4909-B365-222C5B14E4A6}.Release|Any CPU.Build.0 = Release|Any CPU
	EndGlobalSection
	GlobalSection(SolutionProperties) = preSolution
		HideSolutionNode = FALSE
	EndGlobalSection
	GlobalSection(ExtensibilityGlobals) = postSolution
		SolutionGuid = {97F4CF17-F9FA-4BFB-9E22-C39D3C6A0822}
	EndGlobalSection
EndGlobal
