
Microsoft Visual Studio Solution File, Format Version 12.00
# Visual Studio Version 16
VisualStudioVersion = 16.0.31105.61
MinimumVisualStudioVersion = 10.0.40219.1
Project("{FAE04EC0-301F-11D3-BF4B-00C04F79EFBC}") = "AV3a15Ex08", "AV3a15Ex08\AV3a15Ex08.csproj", "{BDB21DA5-C03F-40B5-A545-C6C768ECAB02}"
EndProject
Global
	GlobalSection(SolutionConfigurationPlatforms) = preSolution
		Debug|Any CPU = Debug|Any CPU
		Release|Any CPU = Release|Any CPU
	EndGlobalSection
	GlobalSection(ProjectConfigurationPlatforms) = postSolution
		{BDB21DA5-C03F-40B5-A545-C6C768ECAB02}.Debug|Any CPU.ActiveCfg = Debug|Any CPU
		{BDB21DA5-C03F-40B5-A545-C6C768ECAB02}.Debug|Any CPU.Build.0 = Debug|Any CPU
		{BDB21DA5-C03F-40B5-A545-C6C768ECAB02}.Release|Any CPU.ActiveCfg = Release|Any CPU
		{BDB21DA5-C03F-40B5-A545-C6C768ECAB02}.Release|Any CPU.Build.0 = Release|Any CPU
	EndGlobalSection
	GlobalSection(SolutionProperties) = preSolution
		HideSolutionNode = FALSE
	EndGlobalSection
	GlobalSection(ExtensibilityGlobals) = postSolution
		SolutionGuid = {DC6DC3F8-90EE-43A9-9CB6-FCB09C9039BF}
	EndGlobalSection
EndGlobal
